
Microsoft Visual Studio Solution File, Format Version 11.00
# Visual Studio 2010
Project("{FAE04EC0-301F-11D3-BF4B-00C04F79EFBC}") = "DoFactory.GangOfFour.Observer.RealWorld", "DoFactory.GangOfFour.Observer.RealWorld.csproj", "{DAF6EA8C-B0D3-4BB5-9996-4587A86590E8}"
EndProject
Global
	GlobalSection(SolutionConfigurationPlatforms) = preSolution
		Debug|Any CPU = Debug|Any CPU
		Release|Any CPU = Release|Any CPU
	EndGlobalSection
	GlobalSection(ProjectConfigurationPlatforms) = postSolution
		{DAF6EA8C-B0D3-4BB5-9996-4587A86590E8}.Debug|Any CPU.ActiveCfg = Debug|Any CPU
		{DAF6EA8C-B0D3-4BB5-9996-4587A86590E8}.Debug|Any CPU.Build.0 = Debug|Any CPU
		{DAF6EA8C-B0D3-4BB5-9996-4587A86590E8}.Release|Any CPU.ActiveCfg = Release|Any CPU
		{DAF6EA8C-B0D3-4BB5-9996-4587A86590E8}.Release|Any CPU.Build.0 = Release|Any CPU
	EndGlobalSection
	GlobalSection(SolutionProperties) = preSolution
		HideSolutionNode = FALSE
	EndGlobalSection
EndGlobal
