
Microsoft Visual Studio Solution File, Format Version 10.00
# Visual Studio 2008
Project("{FAE04EC0-301F-11D3-BF4B-00C04F79EFBC}") = "DoFactory.GangOfFour.Factory.RealWorld", "DoFactory.GangOfFour.Factory.RealWorld.csproj", "{474EDD86-3F59-4BE7-959D-B0E75ABC8E6E}"
EndProject
Global
	GlobalSection(SolutionConfigurationPlatforms) = preSolution
		Debug|Any CPU = Debug|Any CPU
		Release|Any CPU = Release|Any CPU
	EndGlobalSection
	GlobalSection(ProjectConfigurationPlatforms) = postSolution
		{474EDD86-3F59-4BE7-959D-B0E75ABC8E6E}.Debug|Any CPU.ActiveCfg = Debug|Any CPU
		{474EDD86-3F59-4BE7-959D-B0E75ABC8E6E}.Debug|Any CPU.Build.0 = Debug|Any CPU
		{474EDD86-3F59-4BE7-959D-B0E75ABC8E6E}.Release|Any CPU.ActiveCfg = Release|Any CPU
		{474EDD86-3F59-4BE7-959D-B0E75ABC8E6E}.Release|Any CPU.Build.0 = Release|Any CPU
	EndGlobalSection
	GlobalSection(SolutionProperties) = preSolution
		HideSolutionNode = FALSE
	EndGlobalSection
EndGlobal
